
Microsoft Visual Studio Solution File, Format Version 12.00
# Visual Studio Version 16
VisualStudioVersion = 16.0.32413.511
MinimumVisualStudioVersion = 10.0.40219.1
Project("{FAE04EC0-301F-11D3-BF4B-00C04F79EFBC}") = "presentationlayer", "presentationlayer\presentationlayer.csproj", "{9039949F-AB09-4B8D-9802-33A24AB826DF}"
EndProject
Project("{FAE04EC0-301F-11D3-BF4B-00C04F79EFBC}") = "Businessobject", "Businessobject\Businessobject.csproj", "{3B750725-93A4-498F-A5F3-18B0D30AA168}"
EndProject
Project("{FAE04EC0-301F-11D3-BF4B-00C04F79EFBC}") = "BusinessLayer", "BusinessLayer\BusinessLayer.csproj", "{38378440-8830-4BF2-AD07-65FE12E273AE}"
EndProject
Project("{FAE04EC0-301F-11D3-BF4B-00C04F79EFBC}") = "DataAccessLayer", "DataAccessLayer\DataAccessLayer.csproj", "{64AF68D1-35AB-4148-A6AE-9ACCF5B0130B}"
EndProject
Global
	GlobalSection(SolutionConfigurationPlatforms) = preSolution
		Debug|Any CPU = Debug|Any CPU
		Release|Any CPU = Release|Any CPU
	EndGlobalSection
	GlobalSection(ProjectConfigurationPlatforms) = postSolution
		{9039949F-AB09-4B8D-9802-33A24AB826DF}.Debug|Any CPU.ActiveCfg = Debug|Any CPU
		{9039949F-AB09-4B8D-9802-33A24AB826DF}.Debug|Any CPU.Build.0 = Debug|Any CPU
		{9039949F-AB09-4B8D-9802-33A24AB826DF}.Release|Any CPU.ActiveCfg = Release|Any CPU
		{9039949F-AB09-4B8D-9802-33A24AB826DF}.Release|Any CPU.Build.0 = Release|Any CPU
		{3B750725-93A4-498F-A5F3-18B0D30AA168}.Debug|Any CPU.ActiveCfg = Debug|Any CPU
		{3B750725-93A4-498F-A5F3-18B0D30AA168}.Debug|Any CPU.Build.0 = Debug|Any CPU
		{3B750725-93A4-498F-A5F3-18B0D30AA168}.Release|Any CPU.ActiveCfg = Release|Any CPU
		{3B750725-93A4-498F-A5F3-18B0D30AA168}.Release|Any CPU.Build.0 = Release|Any CPU
		{38378440-8830-4BF2-AD07-65FE12E273AE}.Debug|Any CPU.ActiveCfg = Debug|Any CPU
		{38378440-8830-4BF2-AD07-65FE12E273AE}.Debug|Any CPU.Build.0 = Debug|Any CPU
		{38378440-8830-4BF2-AD07-65FE12E273AE}.Release|Any CPU.ActiveCfg = Release|Any CPU
		{38378440-8830-4BF2-AD07-65FE12E273AE}.Release|Any CPU.Build.0 = Release|Any CPU
		{64AF68D1-35AB-4148-A6AE-9ACCF5B0130B}.Debug|Any CPU.ActiveCfg = Debug|Any CPU
		{64AF68D1-35AB-4148-A6AE-9ACCF5B0130B}.Debug|Any CPU.Build.0 = Debug|Any CPU
		{64AF68D1-35AB-4148-A6AE-9ACCF5B0130B}.Release|Any CPU.ActiveCfg = Release|Any CPU
		{64AF68D1-35AB-4148-A6AE-9ACCF5B0130B}.Release|Any CPU.Build.0 = Release|Any CPU
	EndGlobalSection
	GlobalSection(SolutionProperties) = preSolution
		HideSolutionNode = FALSE
	EndGlobalSection
	GlobalSection(ExtensibilityGlobals) = postSolution
		SolutionGuid = {7977A5D7-0625-4FC0-8E94-950265BFBCA3}
	EndGlobalSection
EndGlobal
